
Microsoft Visual Studio Solution File, Format Version 12.00
# Visual Studio Version 17
VisualStudioVersion = 17.0.32014.148
MinimumVisualStudioVersion = 10.0.40219.1
Project("{FAE04EC0-301F-11D3-BF4B-00C04F79EFBC}") = "APITemplate", "src\APITemplate\APITemplate.csproj", "{EB6E3FA5-E023-4949-B4ED-DEBB5E0B9550}"
EndProject
Global
	GlobalSection(SolutionConfigurationPlatforms) = preSolution
		Debug|Any CPU = Debug|Any CPU
		Release|Any CPU = Release|Any CPU
	EndGlobalSection
	GlobalSection(ProjectConfigurationPlatforms) = postSolution
		{EB6E3FA5-E023-4949-B4ED-DEBB5E0B9550}.Debug|Any CPU.ActiveCfg = Debug|Any CPU
		{EB6E3FA5-E023-4949-B4ED-DEBB5E0B9550}.Debug|Any CPU.Build.0 = Debug|Any CPU
		{EB6E3FA5-E023-4949-B4ED-DEBB5E0B9550}.Release|Any CPU.ActiveCfg = Release|Any CPU
		{EB6E3FA5-E023-4949-B4ED-DEBB5E0B9550}.Release|Any CPU.Build.0 = Release|Any CPU
	EndGlobalSection
	GlobalSection(SolutionProperties) = preSolution
		HideSolutionNode = FALSE
	EndGlobalSection
	GlobalSection(ExtensibilityGlobals) = postSolution
		SolutionGuid = {041415D0-8C3E-4E43-A34C-D7374DBB76CD}
	EndGlobalSection
EndGlobal
